
Microsoft Visual Studio Solution File, Format Version 12.00
# Visual Studio Version 17
VisualStudioVersion = 17.8.34511.84
MinimumVisualStudioVersion = 10.0.40219.1
Project("{9A19103F-16F7-4668-BE54-9A1E7A4F7556}") = "Ap02_H", "Ap02_H\Ap02_H.csproj", "{18FD9438-B10B-4763-A9D7-A9DE62D440DA}"
EndProject
Project("{9A19103F-16F7-4668-BE54-9A1E7A4F7556}") = "Ap01_wei", "AP01_wei\Ap01_wei.csproj", "{252F4318-86FE-4AD9-8E7D-25A77CFBE73F}"
EndProject
Project("{9A19103F-16F7-4668-BE54-9A1E7A4F7556}") = "Ap01_Demo", "Ap01_Demo\Ap01_Demo.csproj", "{83728309-AC67-4E1C-8130-4BB073001BBD}"
EndProject
Project("{9A19103F-16F7-4668-BE54-9A1E7A4F7556}") = "Ap02_Demo", "Ap02_Demo\Ap02_Demo.csproj", "{FBE3D9AF-641B-4B52-9515-A5FDFF6D7D5A}"
EndProject
Project("{9A19103F-16F7-4668-BE54-9A1E7A4F7556}") = "Ap02_K", "Ap02_K\Ap02_K.csproj", "{9E436F94-D5D9-44D8-8CB8-4B3A3453EE59}"
EndProject
Project("{9A19103F-16F7-4668-BE54-9A1E7A4F7556}") = "Ap04_K", "Ap04_K\Ap04_K.csproj", "{23072029-24B0-477B-9EAD-E8A8A5422FC8}"
EndProject
Project("{9A19103F-16F7-4668-BE54-9A1E7A4F7556}") = "Ap05_K", "Ap05_K\Ap05_K.csproj", "{D7D0FAD5-3380-4832-8101-09D56502DE6A}"
EndProject
Project("{9A19103F-16F7-4668-BE54-9A1E7A4F7556}") = "Ap07_K", "Ap07_K\Ap07_K.csproj", "{7C15CD43-E6AA-4F16-97D3-00E2F01EE59C}"
EndProject
Project("{9A19103F-16F7-4668-BE54-9A1E7A4F7556}") = "Ap08_K", "Ap08_K\Ap08_K.csproj", "{3867E9C6-0E44-4F49-926D-AEDF6138DBFF}"
EndProject
Project("{9A19103F-16F7-4668-BE54-9A1E7A4F7556}") = "Ap06_Demo", "Ap06_Demo\Ap06_Demo.csproj", "{2DBB83EE-7E96-427F-9E6C-9FD5EC2D6810}"
EndProject
Project("{9A19103F-16F7-4668-BE54-9A1E7A4F7556}") = "Ap09_K", "Ap09_K\Ap09_K.csproj", "{F9911087-08F8-4A3F-9D47-D5E212126A79}"
EndProject
Project("{9A19103F-16F7-4668-BE54-9A1E7A4F7556}") = "Ap07_Demo", "Ap07_Demo\Ap07_Demo.csproj", "{C2D6FED2-4FDC-419B-BB58-613B607E06CF}"
EndProject
Project("{9A19103F-16F7-4668-BE54-9A1E7A4F7556}") = "Ap08_Demo", "Ap08_Demo\Ap08_Demo.csproj", "{D73DC944-E162-490A-BB93-8A184ADAB818}"
EndProject
Project("{9A19103F-16F7-4668-BE54-9A1E7A4F7556}") = "Ap09_Demo", "Ap09\Ap09_Demo.csproj", "{6326CA3C-D729-4510-ACA5-A524F7469D18}"
EndProject
Project("{9A19103F-16F7-4668-BE54-9A1E7A4F7556}") = "Ap09", "Ap09\Ap09.csproj", "{472EAF0B-5894-4FD6-BDBE-C608AC7D0F3A}"
Project("{FAE04EC0-301F-11D3-BF4B-00C04F79EFBC}") = "Ap10_Demo", "Ap10_Demo\Ap10_Demo.csproj", "{F8155FE5-15AD-4F3A-98B2-C4B2F9849F64}"
EndProject
Project("{FAE04EC0-301F-11D3-BF4B-00C04F79EFBC}") = "Ap11_Demo", "Ap11_Demo\Ap11_Demo.csproj", "{494CBEAB-8D76-4E97-B0B1-A71F0656750A}"
EndProject
Global
	GlobalSection(SolutionConfigurationPlatforms) = preSolution
		Debug|Any CPU = Debug|Any CPU
		Release|Any CPU = Release|Any CPU
	EndGlobalSection
	GlobalSection(ProjectConfigurationPlatforms) = postSolution
		{18FD9438-B10B-4763-A9D7-A9DE62D440DA}.Debug|Any CPU.ActiveCfg = Debug|Any CPU
		{18FD9438-B10B-4763-A9D7-A9DE62D440DA}.Debug|Any CPU.Build.0 = Debug|Any CPU
		{18FD9438-B10B-4763-A9D7-A9DE62D440DA}.Release|Any CPU.ActiveCfg = Release|Any CPU
		{18FD9438-B10B-4763-A9D7-A9DE62D440DA}.Release|Any CPU.Build.0 = Release|Any CPU
		{252F4318-86FE-4AD9-8E7D-25A77CFBE73F}.Debug|Any CPU.ActiveCfg = Debug|Any CPU
		{252F4318-86FE-4AD9-8E7D-25A77CFBE73F}.Debug|Any CPU.Build.0 = Debug|Any CPU
		{252F4318-86FE-4AD9-8E7D-25A77CFBE73F}.Release|Any CPU.ActiveCfg = Release|Any CPU
		{252F4318-86FE-4AD9-8E7D-25A77CFBE73F}.Release|Any CPU.Build.0 = Release|Any CPU
		{83728309-AC67-4E1C-8130-4BB073001BBD}.Debug|Any CPU.ActiveCfg = Debug|Any CPU
		{83728309-AC67-4E1C-8130-4BB073001BBD}.Debug|Any CPU.Build.0 = Debug|Any CPU
		{83728309-AC67-4E1C-8130-4BB073001BBD}.Release|Any CPU.ActiveCfg = Release|Any CPU
		{83728309-AC67-4E1C-8130-4BB073001BBD}.Release|Any CPU.Build.0 = Release|Any CPU
		{FBE3D9AF-641B-4B52-9515-A5FDFF6D7D5A}.Debug|Any CPU.ActiveCfg = Debug|Any CPU
		{FBE3D9AF-641B-4B52-9515-A5FDFF6D7D5A}.Debug|Any CPU.Build.0 = Debug|Any CPU
		{FBE3D9AF-641B-4B52-9515-A5FDFF6D7D5A}.Release|Any CPU.ActiveCfg = Release|Any CPU
		{FBE3D9AF-641B-4B52-9515-A5FDFF6D7D5A}.Release|Any CPU.Build.0 = Release|Any CPU
		{9E436F94-D5D9-44D8-8CB8-4B3A3453EE59}.Debug|Any CPU.ActiveCfg = Debug|Any CPU
		{9E436F94-D5D9-44D8-8CB8-4B3A3453EE59}.Debug|Any CPU.Build.0 = Debug|Any CPU
		{9E436F94-D5D9-44D8-8CB8-4B3A3453EE59}.Release|Any CPU.ActiveCfg = Release|Any CPU
		{9E436F94-D5D9-44D8-8CB8-4B3A3453EE59}.Release|Any CPU.Build.0 = Release|Any CPU
		{23072029-24B0-477B-9EAD-E8A8A5422FC8}.Debug|Any CPU.ActiveCfg = Debug|Any CPU
		{23072029-24B0-477B-9EAD-E8A8A5422FC8}.Debug|Any CPU.Build.0 = Debug|Any CPU
		{23072029-24B0-477B-9EAD-E8A8A5422FC8}.Release|Any CPU.ActiveCfg = Release|Any CPU
		{23072029-24B0-477B-9EAD-E8A8A5422FC8}.Release|Any CPU.Build.0 = Release|Any CPU
		{D7D0FAD5-3380-4832-8101-09D56502DE6A}.Debug|Any CPU.ActiveCfg = Debug|Any CPU
		{D7D0FAD5-3380-4832-8101-09D56502DE6A}.Debug|Any CPU.Build.0 = Debug|Any CPU
		{D7D0FAD5-3380-4832-8101-09D56502DE6A}.Release|Any CPU.ActiveCfg = Release|Any CPU
		{D7D0FAD5-3380-4832-8101-09D56502DE6A}.Release|Any CPU.Build.0 = Release|Any CPU
		{7C15CD43-E6AA-4F16-97D3-00E2F01EE59C}.Debug|Any CPU.ActiveCfg = Debug|Any CPU
		{7C15CD43-E6AA-4F16-97D3-00E2F01EE59C}.Debug|Any CPU.Build.0 = Debug|Any CPU
		{7C15CD43-E6AA-4F16-97D3-00E2F01EE59C}.Release|Any CPU.ActiveCfg = Release|Any CPU
		{7C15CD43-E6AA-4F16-97D3-00E2F01EE59C}.Release|Any CPU.Build.0 = Release|Any CPU
		{3867E9C6-0E44-4F49-926D-AEDF6138DBFF}.Debug|Any CPU.ActiveCfg = Debug|Any CPU
		{3867E9C6-0E44-4F49-926D-AEDF6138DBFF}.Debug|Any CPU.Build.0 = Debug|Any CPU
		{3867E9C6-0E44-4F49-926D-AEDF6138DBFF}.Release|Any CPU.ActiveCfg = Release|Any CPU
		{3867E9C6-0E44-4F49-926D-AEDF6138DBFF}.Release|Any CPU.Build.0 = Release|Any CPU
		{2DBB83EE-7E96-427F-9E6C-9FD5EC2D6810}.Debug|Any CPU.ActiveCfg = Debug|Any CPU
		{2DBB83EE-7E96-427F-9E6C-9FD5EC2D6810}.Debug|Any CPU.Build.0 = Debug|Any CPU
		{2DBB83EE-7E96-427F-9E6C-9FD5EC2D6810}.Release|Any CPU.ActiveCfg = Release|Any CPU
		{2DBB83EE-7E96-427F-9E6C-9FD5EC2D6810}.Release|Any CPU.Build.0 = Release|Any CPU
		{F9911087-08F8-4A3F-9D47-D5E212126A79}.Debug|Any CPU.ActiveCfg = Debug|Any CPU
		{F9911087-08F8-4A3F-9D47-D5E212126A79}.Debug|Any CPU.Build.0 = Debug|Any CPU
		{F9911087-08F8-4A3F-9D47-D5E212126A79}.Release|Any CPU.ActiveCfg = Release|Any CPU
		{F9911087-08F8-4A3F-9D47-D5E212126A79}.Release|Any CPU.Build.0 = Release|Any CPU
		{C2D6FED2-4FDC-419B-BB58-613B607E06CF}.Debug|Any CPU.ActiveCfg = Debug|Any CPU
		{C2D6FED2-4FDC-419B-BB58-613B607E06CF}.Debug|Any CPU.Build.0 = Debug|Any CPU
		{C2D6FED2-4FDC-419B-BB58-613B607E06CF}.Release|Any CPU.ActiveCfg = Release|Any CPU
		{C2D6FED2-4FDC-419B-BB58-613B607E06CF}.Release|Any CPU.Build.0 = Release|Any CPU
		{D73DC944-E162-490A-BB93-8A184ADAB818}.Debug|Any CPU.ActiveCfg = Debug|Any CPU
		{D73DC944-E162-490A-BB93-8A184ADAB818}.Debug|Any CPU.Build.0 = Debug|Any CPU
		{D73DC944-E162-490A-BB93-8A184ADAB818}.Release|Any CPU.ActiveCfg = Release|Any CPU
		{D73DC944-E162-490A-BB93-8A184ADAB818}.Release|Any CPU.Build.0 = Release|Any CPU
		{6326CA3C-D729-4510-ACA5-A524F7469D18}.Debug|Any CPU.ActiveCfg = Debug|Any CPU
		{6326CA3C-D729-4510-ACA5-A524F7469D18}.Debug|Any CPU.Build.0 = Debug|Any CPU
		{6326CA3C-D729-4510-ACA5-A524F7469D18}.Release|Any CPU.ActiveCfg = Release|Any CPU
		{6326CA3C-D729-4510-ACA5-A524F7469D18}.Release|Any CPU.Build.0 = Release|Any CPU
		{472EAF0B-5894-4FD6-BDBE-C608AC7D0F3A}.Debug|Any CPU.ActiveCfg = Debug|Any CPU
		{472EAF0B-5894-4FD6-BDBE-C608AC7D0F3A}.Debug|Any CPU.Build.0 = Debug|Any CPU
		{472EAF0B-5894-4FD6-BDBE-C608AC7D0F3A}.Release|Any CPU.ActiveCfg = Release|Any CPU
		{472EAF0B-5894-4FD6-BDBE-C608AC7D0F3A}.Release|Any CPU.Build.0 = Release|Any CPU
		{F8155FE5-15AD-4F3A-98B2-C4B2F9849F64}.Debug|Any CPU.ActiveCfg = Debug|Any CPU
		{F8155FE5-15AD-4F3A-98B2-C4B2F9849F64}.Debug|Any CPU.Build.0 = Debug|Any CPU
		{F8155FE5-15AD-4F3A-98B2-C4B2F9849F64}.Release|Any CPU.ActiveCfg = Release|Any CPU
		{F8155FE5-15AD-4F3A-98B2-C4B2F9849F64}.Release|Any CPU.Build.0 = Release|Any CPU
		{494CBEAB-8D76-4E97-B0B1-A71F0656750A}.Debug|Any CPU.ActiveCfg = Debug|Any CPU
		{494CBEAB-8D76-4E97-B0B1-A71F0656750A}.Debug|Any CPU.Build.0 = Debug|Any CPU
		{494CBEAB-8D76-4E97-B0B1-A71F0656750A}.Release|Any CPU.ActiveCfg = Release|Any CPU
		{494CBEAB-8D76-4E97-B0B1-A71F0656750A}.Release|Any CPU.Build.0 = Release|Any CPU
	EndGlobalSection
	GlobalSection(SolutionProperties) = preSolution
		HideSolutionNode = FALSE
	EndGlobalSection
	GlobalSection(ExtensibilityGlobals) = postSolution
		SolutionGuid = {0AA53EC0-759D-461C-9057-C622C49DDD69}
	EndGlobalSection
EndGlobal
