
Microsoft Visual Studio Solution File, Format Version 12.00
# Visual Studio Version 17
VisualStudioVersion = 17.8.34511.84
MinimumVisualStudioVersion = 10.0.40219.1
Project("{9A19103F-16F7-4668-BE54-9A1E7A4F7556}") = "Ap02_H", "Ap02_H\Ap02_H.csproj", "{18FD9438-B10B-4763-A9D7-A9DE62D440DA}"
EndProject
Project("{9A19103F-16F7-4668-BE54-9A1E7A4F7556}") = "Ap01_wei", "AP01_wei\Ap01_wei.csproj", "{252F4318-86FE-4AD9-8E7D-25A77CFBE73F}"
EndProject
Project("{9A19103F-16F7-4668-BE54-9A1E7A4F7556}") = "Ap01_Demo", "Ap01_Demo\Ap01_Demo.csproj", "{83728309-AC67-4E1C-8130-4BB073001BBD}"
EndProject
Project("{FAE04EC0-301F-11D3-BF4B-00C04F79EFBC}") = "Ap01_K", "Ap01_S\Ap01_K.csproj", "{3F98839B-927D-480C-95D8-B216325317E1}"
EndProject
Global
	GlobalSection(SolutionConfigurationPlatforms) = preSolution
		Debug|Any CPU = Debug|Any CPU
		Release|Any CPU = Release|Any CPU
	EndGlobalSection
	GlobalSection(ProjectConfigurationPlatforms) = postSolution
		{18FD9438-B10B-4763-A9D7-A9DE62D440DA}.Debug|Any CPU.ActiveCfg = Debug|Any CPU
		{18FD9438-B10B-4763-A9D7-A9DE62D440DA}.Debug|Any CPU.Build.0 = Debug|Any CPU
		{18FD9438-B10B-4763-A9D7-A9DE62D440DA}.Release|Any CPU.ActiveCfg = Release|Any CPU
		{18FD9438-B10B-4763-A9D7-A9DE62D440DA}.Release|Any CPU.Build.0 = Release|Any CPU
		{252F4318-86FE-4AD9-8E7D-25A77CFBE73F}.Debug|Any CPU.ActiveCfg = Debug|Any CPU
		{252F4318-86FE-4AD9-8E7D-25A77CFBE73F}.Debug|Any CPU.Build.0 = Debug|Any CPU
		{252F4318-86FE-4AD9-8E7D-25A77CFBE73F}.Release|Any CPU.ActiveCfg = Release|Any CPU
		{252F4318-86FE-4AD9-8E7D-25A77CFBE73F}.Release|Any CPU.Build.0 = Release|Any CPU
		{83728309-AC67-4E1C-8130-4BB073001BBD}.Debug|Any CPU.ActiveCfg = Debug|Any CPU
		{83728309-AC67-4E1C-8130-4BB073001BBD}.Debug|Any CPU.Build.0 = Debug|Any CPU
		{83728309-AC67-4E1C-8130-4BB073001BBD}.Release|Any CPU.ActiveCfg = Release|Any CPU
		{83728309-AC67-4E1C-8130-4BB073001BBD}.Release|Any CPU.Build.0 = Release|Any CPU
		{3F98839B-927D-480C-95D8-B216325317E1}.Debug|Any CPU.ActiveCfg = Debug|Any CPU
		{3F98839B-927D-480C-95D8-B216325317E1}.Debug|Any CPU.Build.0 = Debug|Any CPU
		{3F98839B-927D-480C-95D8-B216325317E1}.Release|Any CPU.ActiveCfg = Release|Any CPU
		{3F98839B-927D-480C-95D8-B216325317E1}.Release|Any CPU.Build.0 = Release|Any CPU
	EndGlobalSection
	GlobalSection(SolutionProperties) = preSolution
		HideSolutionNode = FALSE
	EndGlobalSection
	GlobalSection(ExtensibilityGlobals) = postSolution
		SolutionGuid = {0AA53EC0-759D-461C-9057-C622C49DDD69}
	EndGlobalSection
EndGlobal
